
Microsoft Visual Studio Solution File, Format Version 12.00
Project("{FAE04EC0-301F-11D3-BF4B-00C04F79EFBC}") = "SnapshotTests", "SnapshotTests\SnapshotTests.csproj", "{0DA0EDBE-F227-481C-859A-4770F8F49D24}"
EndProject
Project("{FAE04EC0-301F-11D3-BF4B-00C04F79EFBC}") = "CalculatorSample", "CalculatorSample\CalculatorSample.csproj", "{30708F3D-4E57-4A58-B5B6-93EF399CA353}"
EndProject
Global
	GlobalSection(SolutionConfigurationPlatforms) = preSolution
		Debug|Any CPU = Debug|Any CPU
		Release|Any CPU = Release|Any CPU
	EndGlobalSection
	GlobalSection(ProjectConfigurationPlatforms) = postSolution
		{0DA0EDBE-F227-481C-859A-4770F8F49D24}.Debug|Any CPU.ActiveCfg = Debug|Any CPU
		{0DA0EDBE-F227-481C-859A-4770F8F49D24}.Debug|Any CPU.Build.0 = Debug|Any CPU
		{0DA0EDBE-F227-481C-859A-4770F8F49D24}.Release|Any CPU.ActiveCfg = Release|Any CPU
		{0DA0EDBE-F227-481C-859A-4770F8F49D24}.Release|Any CPU.Build.0 = Release|Any CPU
		{30708F3D-4E57-4A58-B5B6-93EF399CA353}.Debug|Any CPU.ActiveCfg = Debug|Any CPU
		{30708F3D-4E57-4A58-B5B6-93EF399CA353}.Debug|Any CPU.Build.0 = Debug|Any CPU
		{30708F3D-4E57-4A58-B5B6-93EF399CA353}.Release|Any CPU.ActiveCfg = Release|Any CPU
		{30708F3D-4E57-4A58-B5B6-93EF399CA353}.Release|Any CPU.Build.0 = Release|Any CPU
	EndGlobalSection
EndGlobal
